
Microsoft Visual Studio Solution File, Format Version 12.00
# Visual Studio Version 16
VisualStudioVersion = 16.0.30717.126
MinimumVisualStudioVersion = 10.0.40219.1
Project("{FAE04EC0-301F-11D3-BF4B-00C04F79EFBC}") = "QuanLyBanHangAPI", "QuanLyBanHangAPI.csproj", "{F8234E3B-969F-4905-81BC-E97E8F3E5315}"
EndProject
Global
	GlobalSection(SolutionConfigurationPlatforms) = preSolution
		Debug|Any CPU = Debug|Any CPU
		Release|Any CPU = Release|Any CPU
	EndGlobalSection
	GlobalSection(ProjectConfigurationPlatforms) = postSolution
		{F8234E3B-969F-4905-81BC-E97E8F3E5315}.Debug|Any CPU.ActiveCfg = Debug|Any CPU
		{F8234E3B-969F-4905-81BC-E97E8F3E5315}.Debug|Any CPU.Build.0 = Debug|Any CPU
		{F8234E3B-969F-4905-81BC-E97E8F3E5315}.Release|Any CPU.ActiveCfg = Release|Any CPU
		{F8234E3B-969F-4905-81BC-E97E8F3E5315}.Release|Any CPU.Build.0 = Release|Any CPU
	EndGlobalSection
	GlobalSection(SolutionProperties) = preSolution
		HideSolutionNode = FALSE
	EndGlobalSection
	GlobalSection(ExtensibilityGlobals) = postSolution
		SolutionGuid = {E2B40182-906B-46F0-814B-732BDAC7A473}
	EndGlobalSection
EndGlobal
